
Microsoft Visual Studio Solution File, Format Version 12.00
# Visual Studio Version 17
VisualStudioVersion = 17.4.33110.190
MinimumVisualStudioVersion = 10.0.40219.1
Project("{FAE04EC0-301F-11D3-BF4B-00C04F79EFBC}") = "CollectionComparison", "ListCollection\CollectionComparison.csproj", "{EFF0E99A-A030-4734-B001-8488675F2432}"
EndProject
Global
	GlobalSection(SolutionConfigurationPlatforms) = preSolution
		Debug|Any CPU = Debug|Any CPU
		Release|Any CPU = Release|Any CPU
	EndGlobalSection
	GlobalSection(ProjectConfigurationPlatforms) = postSolution
		{EFF0E99A-A030-4734-B001-8488675F2432}.Debug|Any CPU.ActiveCfg = Debug|Any CPU
		{EFF0E99A-A030-4734-B001-8488675F2432}.Debug|Any CPU.Build.0 = Debug|Any CPU
		{EFF0E99A-A030-4734-B001-8488675F2432}.Release|Any CPU.ActiveCfg = Release|Any CPU
		{EFF0E99A-A030-4734-B001-8488675F2432}.Release|Any CPU.Build.0 = Release|Any CPU
	EndGlobalSection
	GlobalSection(SolutionProperties) = preSolution
		HideSolutionNode = FALSE
	EndGlobalSection
	GlobalSection(ExtensibilityGlobals) = postSolution
		SolutionGuid = {B05BD5B0-5BEC-45A4-A488-A44C690E3288}
	EndGlobalSection
EndGlobal
